
Microsoft Visual Studio Solution File, Format Version 12.00
# Visual Studio 15
VisualStudioVersion = 15.0.26730.16
MinimumVisualStudioVersion = 10.0.40219.1
Project("{FAE04EC0-301F-11D3-BF4B-00C04F79EFBC}") = "ProcTask", "ProcTask\ProcTask.csproj", "{3ED33A12-D3BD-4C15-90C2-88C5DFE0EE40}"
EndProject
Global
	GlobalSection(SolutionConfigurationPlatforms) = preSolution
		Debug|Any CPU = Debug|Any CPU
		Release|Any CPU = Release|Any CPU
	EndGlobalSection
	GlobalSection(ProjectConfigurationPlatforms) = postSolution
		{3ED33A12-D3BD-4C15-90C2-88C5DFE0EE40}.Debug|Any CPU.ActiveCfg = Debug|Any CPU
		{3ED33A12-D3BD-4C15-90C2-88C5DFE0EE40}.Debug|Any CPU.Build.0 = Debug|Any CPU
		{3ED33A12-D3BD-4C15-90C2-88C5DFE0EE40}.Release|Any CPU.ActiveCfg = Release|Any CPU
		{3ED33A12-D3BD-4C15-90C2-88C5DFE0EE40}.Release|Any CPU.Build.0 = Release|Any CPU
	EndGlobalSection
	GlobalSection(SolutionProperties) = preSolution
		HideSolutionNode = FALSE
	EndGlobalSection
	GlobalSection(ExtensibilityGlobals) = postSolution
		SolutionGuid = {957C534D-367C-4667-9410-F01C453237D1}
	EndGlobalSection
EndGlobal
